// !$*UTF8*$!
{
	archiveVersion = 1;
	classes = {
	};
	objectVersion = 48;
	objects = {

/* Begin PBXBuildFile section */
		3B91D1471FC9570500E88383 /* AppDelegate.swift in Sources */ = {isa = PBXBuildFile; fileRef = 3B91D1461FC9570500E88383 /* AppDelegate.swift */; };
		3B91D1491FC9570500E88383 /* ViewController.swift in Sources */ = {isa = PBXBuildFile; fileRef = 3B91D1481FC9570500E88383 /* ViewController.swift */; };
		3B91D14C1FC9570500E88383 /* Main.storyboard in Resources */ = {isa = PBXBuildFile; fileRef = 3B91D14A1FC9570500E88383 /* Main.storyboard */; };
		3B91D14E1FC9570500E88383 /* Assets.xcassets in Resources */ = {isa = PBXBuildFile; fileRef = 3B91D14D1FC9570500E88383 /* Assets.xcassets */; };
		3B91D1511FC9570500E88383 /* LaunchScreen.storyboard in Resources */ = {isa = PBXBuildFile; fileRef = 3B91D14F1FC9570500E88383 /* LaunchScreen.storyboard */; };
		3B91D15C1FC9570500E88383 /* TasKingTests.swift in Sources */ = {isa = PBXBuildFile; fileRef = 3B91D15B1FC9570500E88383 /* TasKingTests.swift */; };
		3B91D1671FC9570500E88383 /* TasKingUITests.swift in Sources */ = {isa = PBXBuildFile; fileRef = 3B91D1661FC9570500E88383 /* TasKingUITests.swift */; };
/* End PBXBuildFile section */

/* Begin PBXContainerItemProxy section */
		3B91D1581FC9570500E88383 /* PBXContainerItemProxy */ = {
			isa = PBXContainerItemProxy;
			containerPortal = 3B91D13B1FC9570500E88383 /* Project object */;
			proxyType = 1;
			remoteGlobalIDString = 3B91D1421FC9570500E88383;
			remoteInfo = TasKing;
		};
		3B91D1631FC9570500E88383 /* PBXContainerItemProxy */ = {
			isa = PBXContainerItemProxy;
			containerPortal = 3B91D13B1FC9570500E88383 /* Project object */;
			proxyType = 1;
			remoteGlobalIDString = 3B91D1421FC9570500E88383;
			remoteInfo = TasKing;
		};
/* End PBXContainerItemProxy section */

/* Begin PBXFileReference section */
		3B91D1431FC9570500E88383 /* TasKing.app */ = {isa = PBXFileReference; explicitFileType = wrapper.application; includeInIndex = 0; path = TasKing.app; sourceTree = BUILT_PRODUCTS_DIR; };
		3B91D1461FC9570500E88383 /* AppDelegate.swift */ = {isa = PBXFileReference; lastKnownFileType = sourcecode.swift; path = AppDelegate.swift; sourceTree = "<group>"; };
		3B91D1481FC9570500E88383 /* ViewController.swift */ = {isa = PBXFileReference; lastKnownFileType = sourcecode.swift; path = ViewController.swift; sourceTree = "<group>"; };
		3B91D14B1FC9570500E88383 /* Base */ = {isa = PBXFileReference; lastKnownFileType = file.storyboard; name = Base; path = Base.lproj/Main.storyboard; sourceTree = "<group>"; };
		3B91D14D1FC9570500E88383 /* Assets.xcassets */ = {isa = PBXFileReference; lastKnownFileType = folder.assetcatalog; path = Assets.xcassets; sourceTree = "<group>"; };
		3B91D1501FC9570500E88383 /* Base */ = {isa = PBXFileReference; lastKnownFileType = file.storyboard; name = Base; path = Base.lproj/LaunchScreen.storyboard; sourceTree = "<group>"; };
		3B91D1521FC9570500E88383 /* Info.plist */ = {isa = PBXFileReference; lastKnownFileType = text.plist.xml; path = Info.plist; sourceTree = "<group>"; };
		3B91D1571FC9570500E88383 /* TasKingTests.xctest */ = {isa = PBXFileReference; explicitFileType = wrapper.cfbundle; includeInIndex = 0; path = TasKingTests.xctest; sourceTree = BUILT_PRODUCTS_DIR; };
		3B91D15B1FC9570500E88383 /* TasKingTests.swift */ = {isa = PBXFileReference; lastKnownFileType = sourcecode.swift; path = TasKingTests.swift; sourceTree = "<group>"; };
		3B91D15D1FC9570500E88383 /* Info.plist */ = {isa = PBXFileReference; lastKnownFileType = text.plist.xml; path = Info.plist; sourceTree = "<group>"; };
		3B91D1621FC9570500E88383 /* TasKingUITests.xctest */ = {isa = PBXFileReference; explicitFileType = wrapper.cfbundle; includeInIndex = 0; path = TasKingUITests.xctest; sourceTree = BUILT_PRODUCTS_DIR; };
		3B91D1661FC9570500E88383 /* TasKingUITests.swift */ = {isa = PBXFileReference; lastKnownFileType = sourcecode.swift; path = TasKingUITests.swift; sourceTree = "<group>"; };
		3B91D1681FC9570500E88383 /* Info.plist */ = {isa = PBXFileReference; lastKnownFileType = text.plist.xml; path = Info.plist; sourceTree = "<group>"; };
/* End PBXFileReference section */

/* Begin PBXFrameworksBuildPhase section */
		3B91D1401FC9570500E88383 /* Frameworks */ = {
			isa = PBXFrameworksBuildPhase;
			buildActionMask = 2147483647;
			files = (
			);
			runOnlyForDeploymentPostprocessing = 0;
		};
		3B91D1541FC9570500E88383 /* Frameworks */ = {
			isa = PBXFrameworksBuildPhase;
			buildActionMask = 2147483647;
			files = (
			);
			runOnlyForDeploymentPostprocessing = 0;
		};
		3B91D15F1FC9570500E88383 /* Frameworks */ = {
			isa = PBXFrameworksBuildPhase;
			buildActionMask = 2147483647;
			files = (
			);
			runOnlyForDeploymentPostprocessing = 0;
		};
/* End PBXFrameworksBuildPhase section */

/* Begin PBXGroup section */
		3B91D13A1FC9570500E88383 = {
			isa = PBXGroup;
			children = (
				3B91D1451FC9570500E88383 /* TasKing */,
				3B91D15A1FC9570500E88383 /* TasKingTests */,
				3B91D1651FC9570500E88383 /* TasKingUITests */,
				3B91D1441FC9570500E88383 /* Products */,
			);
			sourceTree = "<group>";
		};
		3B91D1441FC9570500E88383 /* Products */ = {
			isa = PBXGroup;
			children = (
				3B91D1431FC9570500E88383 /* TasKing.app */,
				3B91D1571FC9570500E88383 /* TasKingTests.xctest */,
				3B91D1621FC9570500E88383 /* TasKingUITests.xctest */,
			);
			name = Products;
			sourceTree = "<group>";
		};
		3B91D1451FC9570500E88383 /* TasKing */ = {
			isa = PBXGroup;
			children = (
				3B91D1461FC9570500E88383 /* AppDelegate.swift */,
				3B91D1481FC9570500E88383 /* ViewController.swift */,
				3B91D14A1FC9570500E88383 /* Main.storyboard */,
				3B91D14D1FC9570500E88383 /* Assets.xcassets */,
				3B91D14F1FC9570500E88383 /* LaunchScreen.storyboard */,
				3B91D1521FC9570500E88383 /* Info.plist */,
			);
			path = TasKing;
			sourceTree = "<group>";
		};
		3B91D15A1FC9570500E88383 /* TasKingTests */ = {
			isa = PBXGroup;
			children = (
				3B91D15B1FC9570500E88383 /* TasKingTests.swift */,
				3B91D15D1FC9570500E88383 /* Info.plist */,
			);
			path = TasKingTests;
			sourceTree = "<group>";
		};
		3B91D1651FC9570500E88383 /* TasKingUITests */ = {
			isa = PBXGroup;
			children = (
				3B91D1661FC9570500E88383 /* TasKingUITests.swift */,
				3B91D1681FC9570500E88383 /* Info.plist */,
			);
			path = TasKingUITests;
			sourceTree = "<group>";
		};
/* End PBXGroup section */

/* Begin PBXNativeTarget section */
		3B91D1421FC9570500E88383 /* TasKing */ = {
			isa = PBXNativeTarget;
			buildConfigurationList = 3B91D16B1FC9570500E88383 /* Build configuration list for PBXNativeTarget "TasKing" */;
			buildPhases = (
				3B91D13F1FC9570500E88383 /* Sources */,
				3B91D1401FC9570500E88383 /* Frameworks */,
				3B91D1411FC9570500E88383 /* Resources */,
			);
			buildRules = (
			);
			dependencies = (
			);
			name = TasKing;
			productName = TasKing;
			productReference = 3B91D1431FC9570500E88383 /* TasKing.app */;
			productType = "com.apple.product-type.application";
		};
		3B91D1561FC9570500E88383 /* TasKingTests */ = {
			isa = PBXNativeTarget;
			buildConfigurationList = 3B91D16E1FC9570500E88383 /* Build configuration list for PBXNativeTarget "TasKingTests" */;
			buildPhases = (
				3B91D1531FC9570500E88383 /* Sources */,
				3B91D1541FC9570500E88383 /* Frameworks */,
				3B91D1551FC9570500E88383 /* Resources */,
			);
			buildRules = (
			);
			dependencies = (
				3B91D1591FC9570500E88383 /* PBXTargetDependency */,
			);
			name = TasKingTests;
			productName = TasKingTests;
			productReference = 3B91D1571FC9570500E88383 /* TasKingTests.xctest */;
			productType = "com.apple.product-type.bundle.unit-test";
		};
		3B91D1611FC9570500E88383 /* TasKingUITests */ = {
			isa = PBXNativeTarget;
			buildConfigurationList = 3B91D1711FC9570500E88383 /* Build configuration list for PBXNativeTarget "TasKingUITests" */;
			buildPhases = (
				3B91D15E1FC9570500E88383 /* Sources */,
				3B91D15F1FC9570500E88383 /* Frameworks */,
				3B91D1601FC9570500E88383 /* Resources */,
			);
			buildRules = (
			);
			dependencies = (
				3B91D1641FC9570500E88383 /* PBXTargetDependency */,
			);
			name = TasKingUITests;
			productName = TasKingUITests;
			productReference = 3B91D1621FC9570500E88383 /* TasKingUITests.xctest */;
			productType = "com.apple.product-type.bundle.ui-testing";
		};
/* End PBXNativeTarget section */

/* Begin PBXProject section */
		3B91D13B1FC9570500E88383 /* Project object */ = {
			isa = PBXProject;
			attributes = {
				LastSwiftUpdateCheck = 0910;
				LastUpgradeCheck = 0910;
				ORGANIZATIONNAME = "東誠太";
				TargetAttributes = {
					3B91D1421FC9570500E88383 = {
						CreatedOnToolsVersion = 9.1;
						ProvisioningStyle = Automatic;
					};
					3B91D1561FC9570500E88383 = {
						CreatedOnToolsVersion = 9.1;
						ProvisioningStyle = Automatic;
						TestTargetID = 3B91D1421FC9570500E88383;
					};
					3B91D1611FC9570500E88383 = {
						CreatedOnToolsVersion = 9.1;
						ProvisioningStyle = Automatic;
						TestTargetID = 3B91D1421FC9570500E88383;
					};
				};
			};
			buildConfigurationList = 3B91D13E1FC9570500E88383 /* Build configuration list for PBXProject "TasKing" */;
			compatibilityVersion = "Xcode 8.0";
			developmentRegion = en;
			hasScannedForEncodings = 0;
			knownRegions = (
				en,
				Base,
			);
			mainGroup = 3B91D13A1FC9570500E88383;
			productRefGroup = 3B91D1441FC9570500E88383 /* Products */;
			projectDirPath = "";
			projectRoot = "";
			targets = (
				3B91D1421FC9570500E88383 /* TasKing */,
				3B91D1561FC9570500E88383 /* TasKingTests */,
				3B91D1611FC9570500E88383 /* TasKingUITests */,
			);
		};
/* End PBXProject section */

/* Begin PBXResourcesBuildPhase section */
		3B91D1411FC9570500E88383 /* Resources */ = {
			isa = PBXResourcesBuildPhase;
			buildActionMask = 2147483647;
			files = (
				3B91D1511FC9570500E88383 /* LaunchScreen.storyboard in Resources */,
				3B91D14E1FC9570500E88383 /* Assets.xcassets in Resources */,
				3B91D14C1FC9570500E88383 /* Main.storyboard in Resources */,
			);
			runOnlyForDeploymentPostprocessing = 0;
		};
		3B91D1551FC9570500E88383 /* Resources */ = {
			isa = PBXResourcesBuildPhase;
			buildActionMask = 2147483647;
			files = (
			);
			runOnlyForDeploymentPostprocessing = 0;
		};
		3B91D1601FC9570500E88383 /* Resources */ = {
			isa = PBXResourcesBuildPhase;
			buildActionMask = 2147483647;
			files = (
			);
			runOnlyForDeploymentPostprocessing = 0;
		};
/* End PBXResourcesBuildPhase section */

/* Begin PBXSourcesBuildPhase section */
		3B91D13F1FC9570500E88383 /* Sources */ = {
			isa = PBXSourcesBuildPhase;
			buildActionMask = 2147483647;
			files = (
				3B91D1491FC9570500E88383 /* ViewController.swift in Sources */,
				3B91D1471FC9570500E88383 /* AppDelegate.swift in Sources */,
			);
			runOnlyForDeploymentPostprocessing = 0;
		};
		3B91D1531FC9570500E88383 /* Sources */ = {
			isa = PBXSourcesBuildPhase;
			buildActionMask = 2147483647;
			files = (
				3B91D15C1FC9570500E88383 /* TasKingTests.swift in Sources */,
			);
			runOnlyForDeploymentPostprocessing = 0;
		};
		3B91D15E1FC9570500E88383 /* Sources */ = {
			isa = PBXSourcesBuildPhase;
			buildActionMask = 2147483647;
			files = (
				3B91D1671FC9570500E88383 /* TasKingUITests.swift in Sources */,
			);
			runOnlyForDeploymentPostprocessing = 0;
		};
/* End PBXSourcesBuildPhase section */

/* Begin PBXTargetDependency section */
		3B91D1591FC9570500E88383 /* PBXTargetDependency */ = {
			isa = PBXTargetDependency;
			target = 3B91D1421FC9570500E88383 /* TasKing */;
			targetProxy = 3B91D1581FC9570500E88383 /* PBXContainerItemProxy */;
		};
		3B91D1641FC9570500E88383 /* PBXTargetDependency */ = {
			isa = PBXTargetDependency;
			target = 3B91D1421FC9570500E88383 /* TasKing */;
			targetProxy = 3B91D1631FC9570500E88383 /* PBXContainerItemProxy */;
		};
/* End PBXTargetDependency section */

/* Begin PBXVariantGroup section */
		3B91D14A1FC9570500E88383 /* Main.storyboard */ = {
			isa = PBXVariantGroup;
			children = (
				3B91D14B1FC9570500E88383 /* Base */,
			);
			name = Main.storyboard;
			sourceTree = "<group>";
		};
		3B91D14F1FC9570500E88383 /* LaunchScreen.storyboard */ = {
			isa = PBXVariantGroup;
			children = (
				3B91D1501FC9570500E88383 /* Base */,
			);
			name = LaunchScreen.storyboard;
			sourceTree = "<group>";
		};
/* End PBXVariantGroup section */

/* Begin XCBuildConfiguration section */
		3B91D1691FC9570500E88383 /* Debug */ = {
			isa = XCBuildConfiguration;
			buildSettings = {
				ALWAYS_SEARCH_USER_PATHS = NO;
				CLANG_ANALYZER_NONNULL = YES;
				CLANG_ANALYZER_NUMBER_OBJECT_CONVERSION = YES_AGGRESSIVE;
				CLANG_CXX_LANGUAGE_STANDARD = "gnu++14";
				CLANG_CXX_LIBRARY = "libc++";
				CLANG_ENABLE_MODULES = YES;
				CLANG_ENABLE_OBJC_ARC = YES;
				CLANG_WARN_BLOCK_CAPTURE_AUTORELEASING = YES;
				CLANG_WARN_BOOL_CONVERSION = YES;
				CLANG_WARN_COMMA = YES;
				CLANG_WARN_CONSTANT_CONVERSION = YES;
				CLANG_WARN_DIRECT_OBJC_ISA_USAGE = YES_ERROR;
				CLANG_WARN_DOCUMENTATION_COMMENTS = YES;
				CLANG_WARN_EMPTY_BODY = YES;
				CLANG_WARN_ENUM_CONVERSION = YES;
				CLANG_WARN_INFINITE_RECURSION = YES;
				CLANG_WARN_INT_CONVERSION = YES;
				CLANG_WARN_NON_LITERAL_NULL_CONVERSION = YES;
				CLANG_WARN_OBJC_LITERAL_CONVERSION = YES;
				CLANG_WARN_OBJC_ROOT_CLASS = YES_ERROR;
				CLANG_WARN_RANGE_LOOP_ANALYSIS = YES;
				CLANG_WARN_STRICT_PROTOTYPES = YES;
				CLANG_WARN_SUSPICIOUS_MOVE = YES;
				CLANG_WARN_UNGUARDED_AVAILABILITY = YES_AGGRESSIVE;
				CLANG_WARN_UNREACHABLE_CODE = YES;
				CLANG_WARN__DUPLICATE_METHOD_MATCH = YES;
				CODE_SIGN_IDENTITY = "iPhone Developer";
				COPY_PHASE_STRIP = NO;
				DEBUG_INFORMATION_FORMAT = dwarf;
				ENABLE_STRICT_OBJC_MSGSEND = YES;
				ENABLE_TESTABILITY = YES;
				GCC_C_LANGUAGE_STANDARD = gnu11;
				GCC_DYNAMIC_NO_PIC = NO;
				GCC_NO_COMMON_BLOCKS = YES;
				GCC_OPTIMIZATION_LEVEL = 0;
				GCC_PREPROCESSOR_DEFINITIONS = (
					"DEBUG=1",
					"$(inherited)",
				);
				GCC_WARN_64_TO_32_BIT_CONVERSION = YES;
				GCC_WARN_ABOUT_RETURN_TYPE = YES_ERROR;
				GCC_WARN_UNDECLARED_SELECTOR = YES;
				GCC_WARN_UNINITIALIZED_AUTOS = YES_AGGRESSIVE;
				GCC_WARN_UNUSED_FUNCTION = YES;
				GCC_WARN_UNUSED_VARIABLE = YES;
				IPHONEOS_DEPLOYMENT_TARGET = 11.1;
				MTL_ENABLE_DEBUG_INFO = YES;
				ONLY_ACTIVE_ARCH = YES;
				SDKROOT = iphoneos;
				SWIFT_ACTIVE_COMPILATION_CONDITIONS = DEBUG;
				SWIFT_OPTIMIZATION_LEVEL = "-Onone";
			};
			name = Debug;
		};
		3B91D16A1FC9570500E88383 /* Release */ = {
			isa = XCBuildConfiguration;
			buildSettings = {
				ALWAYS_SEARCH_USER_PATHS = NO;
				CLANG_ANALYZER_NONNULL = YES;
				CLANG_ANALYZER_NUMBER_OBJECT_CONVERSION = YES_AGGRESSIVE;
				CLANG_CXX_LANGUAGE_STANDARD = "gnu++14";
				CLANG_CXX_LIBRARY = "libc++";
				CLANG_ENABLE_MODULES = YES;
				CLANG_ENABLE_OBJC_ARC = YES;
				CLANG_WARN_BLOCK_CAPTURE_AUTORELEASING = YES;
				CLANG_WARN_BOOL_CONVERSION = YES;
				CLANG_WARN_COMMA = YES;
				CLANG_WARN_CONSTANT_CONVERSION = YES;
				CLANG_WARN_DIRECT_OBJC_ISA_USAGE = YES_ERROR;
				CLANG_WARN_DOCUMENTATION_COMMENTS = YES;
				CLANG_WARN_EMPTY_BODY = YES;
				CLANG_WARN_ENUM_CONVERSION = YES;
				CLANG_WARN_INFINITE_RECURSION = YES;
				CLANG_WARN_INT_CONVERSION = YES;
				CLANG_WARN_NON_LITERAL_NULL_CONVERSION = YES;
				CLANG_WARN_OBJC_LITERAL_CONVERSION = YES;
				CLANG_WARN_OBJC_ROOT_CLASS = YES_ERROR;
				CLANG_WARN_RANGE_LOOP_ANALYSIS = YES;
				CLANG_WARN_STRICT_PROTOTYPES = YES;
				CLANG_WARN_SUSPICIOUS_MOVE = YES;
				CLANG_WARN_UNGUARDED_AVAILABILITY = YES_AGGRESSIVE;
				CLANG_WARN_UNREACHABLE_CODE = YES;
				CLANG_WARN__DUPLICATE_METHOD_MATCH = YES;
				CODE_SIGN_IDENTITY = "iPhone Developer";
				COPY_PHASE_STRIP = NO;
				DEBUG_INFORMATION_FORMAT = "dwarf-with-dsym";
				ENABLE_NS_ASSERTIONS = NO;
				ENABLE_STRICT_OBJC_MSGSEND = YES;
				GCC_C_LANGUAGE_STANDARD = gnu11;
				GCC_NO_COMMON_BLOCKS = YES;
				GCC_WARN_64_TO_32_BIT_CONVERSION = YES;
				GCC_WARN_ABOUT_RETURN_TYPE = YES_ERROR;
				GCC_WARN_UNDECLARED_SELECTOR = YES;
				GCC_WARN_UNINITIALIZED_AUTOS = YES_AGGRESSIVE;
				GCC_WARN_UNUSED_FUNCTION = YES;
				GCC_WARN_UNUSED_VARIABLE = YES;
				IPHONEOS_DEPLOYMENT_TARGET = 11.1;
				MTL_ENABLE_DEBUG_INFO = NO;
				SDKROOT = iphoneos;
				SWIFT_OPTIMIZATION_LEVEL = "-Owholemodule";
				VALIDATE_PRODUCT = YES;
			};
			name = Release;
		};
		3B91D16C1FC9570500E88383 /* Debug */ = {
			isa = XCBuildConfiguration;
			buildSettings = {
				ASSETCATALOG_COMPILER_APPICON_NAME = AppIcon;
				CODE_SIGN_STYLE = Automatic;
				DEVELOPMENT_TEAM = 3KFDQC43GK;
				INFOPLIST_FILE = TasKing/Info.plist;
				LD_RUNPATH_SEARCH_PATHS = "$(inherited) @executable_path/Frameworks";
				PRODUCT_BUNDLE_IDENTIFIER = seita.com.TasKing;
				PRODUCT_NAME = "$(TARGET_NAME)";
				SWIFT_VERSION = 4.0;
				TARGETED_DEVICE_FAMILY = "1,2";
			};
			name = Debug;
		};
		3B91D16D1FC9570500E88383 /* Release */ = {
			isa = XCBuildConfiguration;
			buildSettings = {
				ASSETCATALOG_COMPILER_APPICON_NAME = AppIcon;
				CODE_SIGN_STYLE = Automatic;
				DEVELOPMENT_TEAM = 3KFDQC43GK;
				INFOPLIST_FILE = TasKing/Info.plist;
				LD_RUNPATH_SEARCH_PATHS = "$(inherited) @executable_path/Frameworks";
				PRODUCT_BUNDLE_IDENTIFIER = seita.com.TasKing;
				PRODUCT_NAME = "$(TARGET_NAME)";
				SWIFT_VERSION = 4.0;
				TARGETED_DEVICE_FAMILY = "1,2";
			};
			name = Release;
		};
		3B91D16F1FC9570500E88383 /* Debug */ = {
			isa = XCBuildConfiguration;
			buildSettings = {
				ALWAYS_EMBED_SWIFT_STANDARD_LIBRARIES = YES;
				BUNDLE_LOADER = "$(TEST_HOST)";
				CODE_SIGN_STYLE = Automatic;
				DEVELOPMENT_TEAM = 3KFDQC43GK;
				INFOPLIST_FILE = TasKingTests/Info.plist;
				LD_RUNPATH_SEARCH_PATHS = "$(inherited) @executable_path/Frameworks @loader_path/Frameworks";
				PRODUCT_BUNDLE_IDENTIFIER = seita.com.TasKingTests;
				PRODUCT_NAME = "$(TARGET_NAME)";
				SWIFT_VERSION = 4.0;
				TARGETED_DEVICE_FAMILY = "1,2";
				TEST_HOST = "$(BUILT_PRODUCTS_DIR)/TasKing.app/TasKing";
			};
			name = Debug;
		};
		3B91D1701FC9570500E88383 /* Release */ = {
			isa = XCBuildConfiguration;
			buildSettings = {
				ALWAYS_EMBED_SWIFT_STANDARD_LIBRARIES = YES;
				BUNDLE_LOADER = "$(TEST_HOST)";
				CODE_SIGN_STYLE = Automatic;
				DEVELOPMENT_TEAM = 3KFDQC43GK;
				INFOPLIST_FILE = TasKingTests/Info.plist;
				LD_RUNPATH_SEARCH_PATHS = "$(inherited) @executable_path/Frameworks @loader_path/Frameworks";
				PRODUCT_BUNDLE_IDENTIFIER = seita.com.TasKingTests;
				PRODUCT_NAME = "$(TARGET_NAME)";
				SWIFT_VERSION = 4.0;
				TARGETED_DEVICE_FAMILY = "1,2";
				TEST_HOST = "$(BUILT_PRODUCTS_DIR)/TasKing.app/TasKing";
			};
			name = Release;
		};
		3B91D1721FC9570500E88383 /* Debug */ = {
			isa = XCBuildConfiguration;
			buildSettings = {
				ALWAYS_EMBED_SWIFT_STANDARD_LIBRARIES = YES;
				CODE_SIGN_STYLE = Automatic;
				DEVELOPMENT_TEAM = 3KFDQC43GK;
				INFOPLIST_FILE = TasKingUITests/Info.plist;
				LD_RUNPATH_SEARCH_PATHS = "$(inherited) @executable_path/Frameworks @loader_path/Frameworks";
				PRODUCT_BUNDLE_IDENTIFIER = seita.com.TasKingUITests;
				PRODUCT_NAME = "$(TARGET_NAME)";
				SWIFT_VERSION = 4.0;
				TARGETED_DEVICE_FAMILY = "1,2";
				TEST_TARGET_NAME = TasKing;
			};
			name = Debug;
		};
		3B91D1731FC9570500E88383 /* Release */ = {
			isa = XCBuildConfiguration;
			buildSettings = {
				ALWAYS_EMBED_SWIFT_STANDARD_LIBRARIES = YES;
				CODE_SIGN_STYLE = Automatic;
				DEVELOPMENT_TEAM = 3KFDQC43GK;
				INFOPLIST_FILE = TasKingUITests/Info.plist;
				LD_RUNPATH_SEARCH_PATHS = "$(inherited) @executable_path/Frameworks @loader_path/Frameworks";
				PRODUCT_BUNDLE_IDENTIFIER = seita.com.TasKingUITests;
				PRODUCT_NAME = "$(TARGET_NAME)";
				SWIFT_VERSION = 4.0;
				TARGETED_DEVICE_FAMILY = "1,2";
				TEST_TARGET_NAME = TasKing;
			};
			name = Release;
		};
/* End XCBuildConfiguration section */

/* Begin XCConfigurationList section */
		3B91D13E1FC9570500E88383 /* Build configuration list for PBXProject "TasKing" */ = {
			isa = XCConfigurationList;
			buildConfigurations = (
				3B91D1691FC9570500E88383 /* Debug */,
				3B91D16A1FC9570500E88383 /* Release */,
			);
			defaultConfigurationIsVisible = 0;
			defaultConfigurationName = Release;
		};
		3B91D16B1FC9570500E88383 /* Build configuration list for PBXNativeTarget "TasKing" */ = {
			isa = XCConfigurationList;
			buildConfigurations = (
				3B91D16C1FC9570500E88383 /* Debug */,
				3B91D16D1FC9570500E88383 /* Release */,
			);
			defaultConfigurationIsVisible = 0;
			defaultConfigurationName = Release;
		};
		3B91D16E1FC9570500E88383 /* Build configuration list for PBXNativeTarget "TasKingTests" */ = {
			isa = XCConfigurationList;
			buildConfigurations = (
				3B91D16F1FC9570500E88383 /* Debug */,
				3B91D1701FC9570500E88383 /* Release */,
			);
			defaultConfigurationIsVisible = 0;
			defaultConfigurationName = Release;
		};
		3B91D1711FC9570500E88383 /* Build configuration list for PBXNativeTarget "TasKingUITests" */ = {
			isa = XCConfigurationList;
			buildConfigurations = (
				3B91D1721FC9570500E88383 /* Debug */,
				3B91D1731FC9570500E88383 /* Release */,
			);
			defaultConfigurationIsVisible = 0;
			defaultConfigurationName = Release;
		};
/* End XCConfigurationList section */
	};
	rootObject = 3B91D13B1FC9570500E88383 /* Project object */;
}
